
Microsoft Visual Studio Solution File, Format Version 12.00
# Visual Studio Version 16
VisualStudioVersion = 16.0.33027.164
MinimumVisualStudioVersion = 10.0.40219.1
Project("{FAE04EC0-301F-11D3-BF4B-00C04F79EFBC}") = "TrabajoFinGrado", "TrabajoFinGrado\TrabajoFinGrado.csproj", "{67565C35-0A48-400E-9EBB-E55DCBE37866}"
EndProject
Global
	GlobalSection(SolutionConfigurationPlatforms) = preSolution
		Debug|Any CPU = Debug|Any CPU
		Release|Any CPU = Release|Any CPU
	EndGlobalSection
	GlobalSection(ProjectConfigurationPlatforms) = postSolution
		{67565C35-0A48-400E-9EBB-E55DCBE37866}.Debug|Any CPU.ActiveCfg = Debug|Any CPU
		{67565C35-0A48-400E-9EBB-E55DCBE37866}.Debug|Any CPU.Build.0 = Debug|Any CPU
		{67565C35-0A48-400E-9EBB-E55DCBE37866}.Release|Any CPU.ActiveCfg = Release|Any CPU
		{67565C35-0A48-400E-9EBB-E55DCBE37866}.Release|Any CPU.Build.0 = Release|Any CPU
	EndGlobalSection
	GlobalSection(SolutionProperties) = preSolution
		HideSolutionNode = FALSE
	EndGlobalSection
	GlobalSection(ExtensibilityGlobals) = postSolution
		SolutionGuid = {8C112773-C4A8-4F74-9959-2A43B9E50107}
	EndGlobalSection
EndGlobal
